
Microsoft Visual Studio Solution File, Format Version 12.00
# Visual Studio Version 16
VisualStudioVersion = 16.0.29609.76
MinimumVisualStudioVersion = 10.0.40219.1
Project("{9A19103F-16F7-4668-BE54-9A1E7A4F7556}") = "posToy", "posToy\posToy.csproj", "{049E9A2D-B91B-4155-9F12-A458C0A9031F}"
EndProject
Global
	GlobalSection(SolutionConfigurationPlatforms) = preSolution
		Debug|Any CPU = Debug|Any CPU
		Release|Any CPU = Release|Any CPU
	EndGlobalSection
	GlobalSection(ProjectConfigurationPlatforms) = postSolution
		{049E9A2D-B91B-4155-9F12-A458C0A9031F}.Debug|Any CPU.ActiveCfg = Debug|Any CPU
		{049E9A2D-B91B-4155-9F12-A458C0A9031F}.Debug|Any CPU.Build.0 = Debug|Any CPU
		{049E9A2D-B91B-4155-9F12-A458C0A9031F}.Release|Any CPU.ActiveCfg = Release|Any CPU
		{049E9A2D-B91B-4155-9F12-A458C0A9031F}.Release|Any CPU.Build.0 = Release|Any CPU
	EndGlobalSection
	GlobalSection(SolutionProperties) = preSolution
		HideSolutionNode = FALSE
	EndGlobalSection
	GlobalSection(ExtensibilityGlobals) = postSolution
		SolutionGuid = {C132426A-C7A5-4F59-97D1-1658B3EE2730}
	EndGlobalSection
EndGlobal
